
Microsoft Visual Studio Solution File, Format Version 12.00
# Visual Studio 15
VisualStudioVersion = 15.0.26124.0
MinimumVisualStudioVersion = 15.0.26124.0
Project("{2150E333-8FDC-42A3-9474-1A3956D46DE8}") = "src", "src", "{0149B234-3C1A-4AD1-AC03-99F16B1D1EBC}"
EndProject
Project("{FAE04EC0-301F-11D3-BF4B-00C04F79EFBC}") = "podrace", "src\podrace\podrace.csproj", "{204D99C8-E984-4F2F-901E-BB564704CF73}"
EndProject
Project("{FAE04EC0-301F-11D3-BF4B-00C04F79EFBC}") = "VibrantCode.Podrace", "src\VibrantCode.Podrace\VibrantCode.Podrace.csproj", "{053CBDB4-FED7-4BC8-9592-1D18239AE888}"
EndProject
Project("{2150E333-8FDC-42A3-9474-1A3956D46DE8}") = "test", "test", "{B168A89B-FB3A-43EC-A113-6D5559B764F9}"
EndProject
Project("{FAE04EC0-301F-11D3-BF4B-00C04F79EFBC}") = "VibrantCode.Podrace.Test", "test\VibrantCode.Podrace.Test\VibrantCode.Podrace.Test.csproj", "{99BDAA14-A317-4280-B604-610572FE8791}"
EndProject
Global
	GlobalSection(SolutionConfigurationPlatforms) = preSolution
		Debug|Any CPU = Debug|Any CPU
		Debug|x64 = Debug|x64
		Debug|x86 = Debug|x86
		Release|Any CPU = Release|Any CPU
		Release|x64 = Release|x64
		Release|x86 = Release|x86
	EndGlobalSection
	GlobalSection(SolutionProperties) = preSolution
		HideSolutionNode = FALSE
	EndGlobalSection
	GlobalSection(ProjectConfigurationPlatforms) = postSolution
		{204D99C8-E984-4F2F-901E-BB564704CF73}.Debug|Any CPU.ActiveCfg = Debug|Any CPU
		{204D99C8-E984-4F2F-901E-BB564704CF73}.Debug|Any CPU.Build.0 = Debug|Any CPU
		{204D99C8-E984-4F2F-901E-BB564704CF73}.Debug|x64.ActiveCfg = Debug|Any CPU
		{204D99C8-E984-4F2F-901E-BB564704CF73}.Debug|x64.Build.0 = Debug|Any CPU
		{204D99C8-E984-4F2F-901E-BB564704CF73}.Debug|x86.ActiveCfg = Debug|Any CPU
		{204D99C8-E984-4F2F-901E-BB564704CF73}.Debug|x86.Build.0 = Debug|Any CPU
		{204D99C8-E984-4F2F-901E-BB564704CF73}.Release|Any CPU.ActiveCfg = Release|Any CPU
		{204D99C8-E984-4F2F-901E-BB564704CF73}.Release|Any CPU.Build.0 = Release|Any CPU
		{204D99C8-E984-4F2F-901E-BB564704CF73}.Release|x64.ActiveCfg = Release|Any CPU
		{204D99C8-E984-4F2F-901E-BB564704CF73}.Release|x64.Build.0 = Release|Any CPU
		{204D99C8-E984-4F2F-901E-BB564704CF73}.Release|x86.ActiveCfg = Release|Any CPU
		{204D99C8-E984-4F2F-901E-BB564704CF73}.Release|x86.Build.0 = Release|Any CPU
		{053CBDB4-FED7-4BC8-9592-1D18239AE888}.Debug|Any CPU.ActiveCfg = Debug|Any CPU
		{053CBDB4-FED7-4BC8-9592-1D18239AE888}.Debug|Any CPU.Build.0 = Debug|Any CPU
		{053CBDB4-FED7-4BC8-9592-1D18239AE888}.Debug|x64.ActiveCfg = Debug|Any CPU
		{053CBDB4-FED7-4BC8-9592-1D18239AE888}.Debug|x64.Build.0 = Debug|Any CPU
		{053CBDB4-FED7-4BC8-9592-1D18239AE888}.Debug|x86.ActiveCfg = Debug|Any CPU
		{053CBDB4-FED7-4BC8-9592-1D18239AE888}.Debug|x86.Build.0 = Debug|Any CPU
		{053CBDB4-FED7-4BC8-9592-1D18239AE888}.Release|Any CPU.ActiveCfg = Release|Any CPU
		{053CBDB4-FED7-4BC8-9592-1D18239AE888}.Release|Any CPU.Build.0 = Release|Any CPU
		{053CBDB4-FED7-4BC8-9592-1D18239AE888}.Release|x64.ActiveCfg = Release|Any CPU
		{053CBDB4-FED7-4BC8-9592-1D18239AE888}.Release|x64.Build.0 = Release|Any CPU
		{053CBDB4-FED7-4BC8-9592-1D18239AE888}.Release|x86.ActiveCfg = Release|Any CPU
		{053CBDB4-FED7-4BC8-9592-1D18239AE888}.Release|x86.Build.0 = Release|Any CPU
		{99BDAA14-A317-4280-B604-610572FE8791}.Debug|Any CPU.ActiveCfg = Debug|Any CPU
		{99BDAA14-A317-4280-B604-610572FE8791}.Debug|Any CPU.Build.0 = Debug|Any CPU
		{99BDAA14-A317-4280-B604-610572FE8791}.Debug|x64.ActiveCfg = Debug|Any CPU
		{99BDAA14-A317-4280-B604-610572FE8791}.Debug|x64.Build.0 = Debug|Any CPU
		{99BDAA14-A317-4280-B604-610572FE8791}.Debug|x86.ActiveCfg = Debug|Any CPU
		{99BDAA14-A317-4280-B604-610572FE8791}.Debug|x86.Build.0 = Debug|Any CPU
		{99BDAA14-A317-4280-B604-610572FE8791}.Release|Any CPU.ActiveCfg = Release|Any CPU
		{99BDAA14-A317-4280-B604-610572FE8791}.Release|Any CPU.Build.0 = Release|Any CPU
		{99BDAA14-A317-4280-B604-610572FE8791}.Release|x64.ActiveCfg = Release|Any CPU
		{99BDAA14-A317-4280-B604-610572FE8791}.Release|x64.Build.0 = Release|Any CPU
		{99BDAA14-A317-4280-B604-610572FE8791}.Release|x86.ActiveCfg = Release|Any CPU
		{99BDAA14-A317-4280-B604-610572FE8791}.Release|x86.Build.0 = Release|Any CPU
	EndGlobalSection
	GlobalSection(NestedProjects) = preSolution
		{204D99C8-E984-4F2F-901E-BB564704CF73} = {0149B234-3C1A-4AD1-AC03-99F16B1D1EBC}
		{053CBDB4-FED7-4BC8-9592-1D18239AE888} = {0149B234-3C1A-4AD1-AC03-99F16B1D1EBC}
		{99BDAA14-A317-4280-B604-610572FE8791} = {B168A89B-FB3A-43EC-A113-6D5559B764F9}
	EndGlobalSection
EndGlobal
