
Microsoft Visual Studio Solution File, Format Version 12.00
# Visual Studio 15
VisualStudioVersion = 15.0.26124.0
MinimumVisualStudioVersion = 15.0.26124.0
Project("{2150E333-8FDC-42A3-9474-1A3956D46DE8}") = "src", "src", "{DC955E84-C3E8-4AB5-BB9D-B4A6480F50E8}"
EndProject
Project("{FAE04EC0-301F-11D3-BF4B-00C04F79EFBC}") = "Podrace.Controller", "src\Podrace.Controller\Podrace.Controller.csproj", "{8F8D0BD5-5847-4697-AC09-00E602218837}"
EndProject
Project("{FAE04EC0-301F-11D3-BF4B-00C04F79EFBC}") = "podrace", "src\podrace\podrace.csproj", "{BD67718F-E887-4D2F-9F57-A77B7861F8BA}"
EndProject
Global
	GlobalSection(SolutionConfigurationPlatforms) = preSolution
		Debug|Any CPU = Debug|Any CPU
		Debug|x64 = Debug|x64
		Debug|x86 = Debug|x86
		Release|Any CPU = Release|Any CPU
		Release|x64 = Release|x64
		Release|x86 = Release|x86
	EndGlobalSection
	GlobalSection(SolutionProperties) = preSolution
		HideSolutionNode = FALSE
	EndGlobalSection
	GlobalSection(ProjectConfigurationPlatforms) = postSolution
		{8F8D0BD5-5847-4697-AC09-00E602218837}.Debug|Any CPU.ActiveCfg = Debug|Any CPU
		{8F8D0BD5-5847-4697-AC09-00E602218837}.Debug|Any CPU.Build.0 = Debug|Any CPU
		{8F8D0BD5-5847-4697-AC09-00E602218837}.Debug|x64.ActiveCfg = Debug|Any CPU
		{8F8D0BD5-5847-4697-AC09-00E602218837}.Debug|x64.Build.0 = Debug|Any CPU
		{8F8D0BD5-5847-4697-AC09-00E602218837}.Debug|x86.ActiveCfg = Debug|Any CPU
		{8F8D0BD5-5847-4697-AC09-00E602218837}.Debug|x86.Build.0 = Debug|Any CPU
		{8F8D0BD5-5847-4697-AC09-00E602218837}.Release|Any CPU.ActiveCfg = Release|Any CPU
		{8F8D0BD5-5847-4697-AC09-00E602218837}.Release|Any CPU.Build.0 = Release|Any CPU
		{8F8D0BD5-5847-4697-AC09-00E602218837}.Release|x64.ActiveCfg = Release|Any CPU
		{8F8D0BD5-5847-4697-AC09-00E602218837}.Release|x64.Build.0 = Release|Any CPU
		{8F8D0BD5-5847-4697-AC09-00E602218837}.Release|x86.ActiveCfg = Release|Any CPU
		{8F8D0BD5-5847-4697-AC09-00E602218837}.Release|x86.Build.0 = Release|Any CPU
		{BD67718F-E887-4D2F-9F57-A77B7861F8BA}.Debug|Any CPU.ActiveCfg = Debug|Any CPU
		{BD67718F-E887-4D2F-9F57-A77B7861F8BA}.Debug|Any CPU.Build.0 = Debug|Any CPU
		{BD67718F-E887-4D2F-9F57-A77B7861F8BA}.Debug|x64.ActiveCfg = Debug|Any CPU
		{BD67718F-E887-4D2F-9F57-A77B7861F8BA}.Debug|x64.Build.0 = Debug|Any CPU
		{BD67718F-E887-4D2F-9F57-A77B7861F8BA}.Debug|x86.ActiveCfg = Debug|Any CPU
		{BD67718F-E887-4D2F-9F57-A77B7861F8BA}.Debug|x86.Build.0 = Debug|Any CPU
		{BD67718F-E887-4D2F-9F57-A77B7861F8BA}.Release|Any CPU.ActiveCfg = Release|Any CPU
		{BD67718F-E887-4D2F-9F57-A77B7861F8BA}.Release|Any CPU.Build.0 = Release|Any CPU
		{BD67718F-E887-4D2F-9F57-A77B7861F8BA}.Release|x64.ActiveCfg = Release|Any CPU
		{BD67718F-E887-4D2F-9F57-A77B7861F8BA}.Release|x64.Build.0 = Release|Any CPU
		{BD67718F-E887-4D2F-9F57-A77B7861F8BA}.Release|x86.ActiveCfg = Release|Any CPU
		{BD67718F-E887-4D2F-9F57-A77B7861F8BA}.Release|x86.Build.0 = Release|Any CPU
	EndGlobalSection
	GlobalSection(NestedProjects) = preSolution
		{8F8D0BD5-5847-4697-AC09-00E602218837} = {DC955E84-C3E8-4AB5-BB9D-B4A6480F50E8}
		{BD67718F-E887-4D2F-9F57-A77B7861F8BA} = {DC955E84-C3E8-4AB5-BB9D-B4A6480F50E8}
	EndGlobalSection
EndGlobal
