
Microsoft Visual Studio Solution File, Format Version 12.00
# Visual Studio 15
VisualStudioVersion = 15.0.26124.0
MinimumVisualStudioVersion = 15.0.26124.0
Project("{2150E333-8FDC-42A3-9474-1A3956D46DE8}") = "src", "src", "{EDE201A9-49DC-4CDE-BCDC-C13A782C71A1}"
EndProject
Project("{FAE04EC0-301F-11D3-BF4B-00C04F79EFBC}") = "podrace", "src\podrace\podrace.csproj", "{4496A1A0-9DDD-4170-B880-6394E829C8BD}"
EndProject
Global
	GlobalSection(SolutionConfigurationPlatforms) = preSolution
		Debug|Any CPU = Debug|Any CPU
		Debug|x64 = Debug|x64
		Debug|x86 = Debug|x86
		Release|Any CPU = Release|Any CPU
		Release|x64 = Release|x64
		Release|x86 = Release|x86
	EndGlobalSection
	GlobalSection(SolutionProperties) = preSolution
		HideSolutionNode = FALSE
	EndGlobalSection
	GlobalSection(ProjectConfigurationPlatforms) = postSolution
		{4496A1A0-9DDD-4170-B880-6394E829C8BD}.Debug|Any CPU.ActiveCfg = Debug|Any CPU
		{4496A1A0-9DDD-4170-B880-6394E829C8BD}.Debug|Any CPU.Build.0 = Debug|Any CPU
		{4496A1A0-9DDD-4170-B880-6394E829C8BD}.Debug|x64.ActiveCfg = Debug|Any CPU
		{4496A1A0-9DDD-4170-B880-6394E829C8BD}.Debug|x64.Build.0 = Debug|Any CPU
		{4496A1A0-9DDD-4170-B880-6394E829C8BD}.Debug|x86.ActiveCfg = Debug|Any CPU
		{4496A1A0-9DDD-4170-B880-6394E829C8BD}.Debug|x86.Build.0 = Debug|Any CPU
		{4496A1A0-9DDD-4170-B880-6394E829C8BD}.Release|Any CPU.ActiveCfg = Release|Any CPU
		{4496A1A0-9DDD-4170-B880-6394E829C8BD}.Release|Any CPU.Build.0 = Release|Any CPU
		{4496A1A0-9DDD-4170-B880-6394E829C8BD}.Release|x64.ActiveCfg = Release|Any CPU
		{4496A1A0-9DDD-4170-B880-6394E829C8BD}.Release|x64.Build.0 = Release|Any CPU
		{4496A1A0-9DDD-4170-B880-6394E829C8BD}.Release|x86.ActiveCfg = Release|Any CPU
		{4496A1A0-9DDD-4170-B880-6394E829C8BD}.Release|x86.Build.0 = Release|Any CPU
	EndGlobalSection
	GlobalSection(NestedProjects) = preSolution
		{4496A1A0-9DDD-4170-B880-6394E829C8BD} = {EDE201A9-49DC-4CDE-BCDC-C13A782C71A1}
	EndGlobalSection
EndGlobal
